
Microsoft Visual Studio Solution File, Format Version 12.00
# Visual Studio 15
VisualStudioVersion = 15.0.26228.13
MinimumVisualStudioVersion = 10.0.40219.1
Project("{FAE04EC0-301F-11D3-BF4B-00C04F79EFBC}") = "HelloWorldProgram", "HelloWorldProgram\HelloWorldProgram.csproj", "{2A97BE51-F6C1-4035-A645-6ED1DCE46B15}"
EndProject
Project("{FAE04EC0-301F-11D3-BF4B-00C04F79EFBC}") = "UnitTestHelloWorldProgram", "UnitTestHelloWorld\UnitTestHelloWorldProgram.csproj", "{A8A7145E-3F5B-4510-8E42-E3EE9FF31BD4}"
EndProject
Global
	GlobalSection(SolutionConfigurationPlatforms) = preSolution
		Debug|Any CPU = Debug|Any CPU
		Release|Any CPU = Release|Any CPU
	EndGlobalSection
	GlobalSection(ProjectConfigurationPlatforms) = postSolution
		{2A97BE51-F6C1-4035-A645-6ED1DCE46B15}.Debug|Any CPU.ActiveCfg = Debug|Any CPU
		{2A97BE51-F6C1-4035-A645-6ED1DCE46B15}.Debug|Any CPU.Build.0 = Debug|Any CPU
		{2A97BE51-F6C1-4035-A645-6ED1DCE46B15}.Release|Any CPU.ActiveCfg = Release|Any CPU
		{2A97BE51-F6C1-4035-A645-6ED1DCE46B15}.Release|Any CPU.Build.0 = Release|Any CPU
		{A8A7145E-3F5B-4510-8E42-E3EE9FF31BD4}.Debug|Any CPU.ActiveCfg = Debug|Any CPU
		{A8A7145E-3F5B-4510-8E42-E3EE9FF31BD4}.Debug|Any CPU.Build.0 = Debug|Any CPU
		{A8A7145E-3F5B-4510-8E42-E3EE9FF31BD4}.Release|Any CPU.ActiveCfg = Release|Any CPU
		{A8A7145E-3F5B-4510-8E42-E3EE9FF31BD4}.Release|Any CPU.Build.0 = Release|Any CPU
	EndGlobalSection
	GlobalSection(SolutionProperties) = preSolution
		HideSolutionNode = FALSE
	EndGlobalSection
EndGlobal
